
Microsoft Visual Studio Solution File, Format Version 12.00
# Visual Studio Version 17
VisualStudioVersion = 17.2.32526.322
MinimumVisualStudioVersion = 10.0.40219.1
Project("{FAE04EC0-301F-11D3-BF4B-00C04F79EFBC}") = "evennumber", "evennumber.csproj", "{68A8FDC1-9736-46FD-AD20-5DAF4C792B88}"
EndProject
Global
	GlobalSection(SolutionConfigurationPlatforms) = preSolution
		Debug|Any CPU = Debug|Any CPU
		Release|Any CPU = Release|Any CPU
	EndGlobalSection
	GlobalSection(ProjectConfigurationPlatforms) = postSolution
		{68A8FDC1-9736-46FD-AD20-5DAF4C792B88}.Debug|Any CPU.ActiveCfg = Debug|Any CPU
		{68A8FDC1-9736-46FD-AD20-5DAF4C792B88}.Debug|Any CPU.Build.0 = Debug|Any CPU
		{68A8FDC1-9736-46FD-AD20-5DAF4C792B88}.Release|Any CPU.ActiveCfg = Release|Any CPU
		{68A8FDC1-9736-46FD-AD20-5DAF4C792B88}.Release|Any CPU.Build.0 = Release|Any CPU
	EndGlobalSection
	GlobalSection(SolutionProperties) = preSolution
		HideSolutionNode = FALSE
	EndGlobalSection
	GlobalSection(ExtensibilityGlobals) = postSolution
		SolutionGuid = {F77DC969-FB39-4AEF-A976-115FF548F5F9}
	EndGlobalSection
EndGlobal
